Microsoft Visual Studio Solution File, Format Version 12.00
# Visual Studio Version 17
VisualStudioVersion = 17.5.2.0
MinimumVisualStudioVersion = 10.0.40219.1
Project("{FAE04EC0-301F-11D3-BF4B-00C04F79EFBC}") = "ClinicaMVC", "ClinicaMVC.csproj", "{4BE03623-719D-786C-AB91-AF4A628795A5}"
EndProject
Global
	GlobalSection(SolutionConfigurationPlatforms) = preSolution
		Debug|Any CPU = Debug|Any CPU
		Release|Any CPU = Release|Any CPU
	EndGlobalSection
	GlobalSection(ProjectConfigurationPlatforms) = postSolution
		{4BE03623-719D-786C-AB91-AF4A628795A5}.Debug|Any CPU.ActiveCfg = Debug|Any CPU
		{4BE03623-719D-786C-AB91-AF4A628795A5}.Debug|Any CPU.Build.0 = Debug|Any CPU
		{4BE03623-719D-786C-AB91-AF4A628795A5}.Release|Any CPU.ActiveCfg = Release|Any CPU
		{4BE03623-719D-786C-AB91-AF4A628795A5}.Release|Any CPU.Build.0 = Release|Any CPU
	EndGlobalSection
	GlobalSection(SolutionProperties) = preSolution
		HideSolutionNode = FALSE
	EndGlobalSection
	GlobalSection(ExtensibilityGlobals) = postSolution
		SolutionGuid = {B006144E-77AB-4ACE-9BF1-C728350B4DB9}
	EndGlobalSection
EndGlobal
